
Microsoft Visual Studio Solution File, Format Version 12.00
# Visual Studio Version 17
VisualStudioVersion = 17.9.34728.123
MinimumVisualStudioVersion = 10.0.40219.1
Project("{FAE04EC0-301F-11D3-BF4B-00C04F79EFBC}") = "Konwersje", "Konwersje\Konwersje.csproj", "{872D9C7D-75C7-4B3B-AEAC-B38F931F5F13}"
EndProject
Global
	GlobalSection(SolutionConfigurationPlatforms) = preSolution
		Debug|Any CPU = Debug|Any CPU
		Release|Any CPU = Release|Any CPU
	EndGlobalSection
	GlobalSection(ProjectConfigurationPlatforms) = postSolution
		{872D9C7D-75C7-4B3B-AEAC-B38F931F5F13}.Debug|Any CPU.ActiveCfg = Debug|Any CPU
		{872D9C7D-75C7-4B3B-AEAC-B38F931F5F13}.Debug|Any CPU.Build.0 = Debug|Any CPU
		{872D9C7D-75C7-4B3B-AEAC-B38F931F5F13}.Release|Any CPU.ActiveCfg = Release|Any CPU
		{872D9C7D-75C7-4B3B-AEAC-B38F931F5F13}.Release|Any CPU.Build.0 = Release|Any CPU
	EndGlobalSection
	GlobalSection(SolutionProperties) = preSolution
		HideSolutionNode = FALSE
	EndGlobalSection
	GlobalSection(ExtensibilityGlobals) = postSolution
		SolutionGuid = {FCFEF864-2722-4B2A-8D7B-99930994DF71}
	EndGlobalSection
EndGlobal
